
Microsoft Visual Studio Solution File, Format Version 12.00
# Visual Studio Version 16
VisualStudioVersion = 16.0.29102.190
MinimumVisualStudioVersion = 10.0.40219.1
Project("{FAE04EC0-301F-11D3-BF4B-00C04F79EFBC}") = "SPH.PLAS.ESA", "SPH.PLAS.ESA\SPH.PLAS.ESA.csproj", "{7F0EC287-2D8A-4698-A725-5CF72D611509}"
EndProject
Project("{FAE04EC0-301F-11D3-BF4B-00C04F79EFBC}") = "SPH.PLAS.ESA.CreateDataUI", "SPH.PLAS.ESA.CreateDataUI\SPH.PLAS.ESA.CreateDataUI.csproj", "{D48E9A98-E558-4D4B-AC6E-06AF5B3470C8}"
EndProject
Project("{FAE04EC0-301F-11D3-BF4B-00C04F79EFBC}") = "SPH.PLAS.ESA.CreateDataBatch", "SPH.PLAS.ESA.CreateDataBatch\SPH.PLAS.ESA.CreateDataBatch.csproj", "{389422F8-C847-483D-B9F1-500B57261FDA}"
EndProject
Project("{FAE04EC0-301F-11D3-BF4B-00C04F79EFBC}") = "SPH.PLAS.ESA.Execute", "SPH.PLAS.ESA.Execute\SPH.PLAS.ESA.Execute.csproj", "{50EC74CA-E001-459B-B406-8086623A0A4F}"
EndProject
Project("{FAE04EC0-301F-11D3-BF4B-00C04F79EFBC}") = "SPH.PLAS.ESA.ExportData", "SPH.PLAS.ESA.ExportData\SPH.PLAS.ESA.ExportData.csproj", "{BB52C15E-218D-4810-B96F-6A57DF04218F}"
EndProject
Project("{FAE04EC0-301F-11D3-BF4B-00C04F79EFBC}") = "SPH.PLAS.ExecuteThrow", "SPH.PLAS.ExecuteThorw\SPH.PLAS.ExecuteThrow.csproj", "{C46EDF68-5712-49E4-9CF3-5BA8295E0BF4}"
EndProject
Project("{FAE04EC0-301F-11D3-BF4B-00C04F79EFBC}") = "TEST", "TEST\TEST.csproj", "{866D8819-7B73-4792-AF64-22A951FE3923}"
EndProject
Global
	GlobalSection(SolutionConfigurationPlatforms) = preSolution
		Debug|Any CPU = Debug|Any CPU
		Debug|x64 = Debug|x64
		Debug|x86 = Debug|x86
		Release|Any CPU = Release|Any CPU
		Release|x64 = Release|x64
		Release|x86 = Release|x86
	EndGlobalSection
	GlobalSection(ProjectConfigurationPlatforms) = postSolution
		{7F0EC287-2D8A-4698-A725-5CF72D611509}.Debug|Any CPU.ActiveCfg = Debug|Any CPU
		{7F0EC287-2D8A-4698-A725-5CF72D611509}.Debug|Any CPU.Build.0 = Debug|Any CPU
		{7F0EC287-2D8A-4698-A725-5CF72D611509}.Debug|x64.ActiveCfg = Debug|x64
		{7F0EC287-2D8A-4698-A725-5CF72D611509}.Debug|x64.Build.0 = Debug|x64
		{7F0EC287-2D8A-4698-A725-5CF72D611509}.Debug|x86.ActiveCfg = Debug|x86
		{7F0EC287-2D8A-4698-A725-5CF72D611509}.Debug|x86.Build.0 = Debug|x86
		{7F0EC287-2D8A-4698-A725-5CF72D611509}.Release|Any CPU.ActiveCfg = Release|Any CPU
		{7F0EC287-2D8A-4698-A725-5CF72D611509}.Release|Any CPU.Build.0 = Release|Any CPU
		{7F0EC287-2D8A-4698-A725-5CF72D611509}.Release|x64.ActiveCfg = Release|x64
		{7F0EC287-2D8A-4698-A725-5CF72D611509}.Release|x64.Build.0 = Release|x64
		{7F0EC287-2D8A-4698-A725-5CF72D611509}.Release|x86.ActiveCfg = Release|x86
		{7F0EC287-2D8A-4698-A725-5CF72D611509}.Release|x86.Build.0 = Release|x86
		{D48E9A98-E558-4D4B-AC6E-06AF5B3470C8}.Debug|Any CPU.ActiveCfg = Debug|Any CPU
		{D48E9A98-E558-4D4B-AC6E-06AF5B3470C8}.Debug|Any CPU.Build.0 = Debug|Any CPU
		{D48E9A98-E558-4D4B-AC6E-06AF5B3470C8}.Debug|x64.ActiveCfg = Debug|x64
		{D48E9A98-E558-4D4B-AC6E-06AF5B3470C8}.Debug|x64.Build.0 = Debug|x64
		{D48E9A98-E558-4D4B-AC6E-06AF5B3470C8}.Debug|x86.ActiveCfg = Debug|x86
		{D48E9A98-E558-4D4B-AC6E-06AF5B3470C8}.Debug|x86.Build.0 = Debug|x86
		{D48E9A98-E558-4D4B-AC6E-06AF5B3470C8}.Release|Any CPU.ActiveCfg = Release|Any CPU
		{D48E9A98-E558-4D4B-AC6E-06AF5B3470C8}.Release|Any CPU.Build.0 = Release|Any CPU
		{D48E9A98-E558-4D4B-AC6E-06AF5B3470C8}.Release|x64.ActiveCfg = Release|x64
		{D48E9A98-E558-4D4B-AC6E-06AF5B3470C8}.Release|x64.Build.0 = Release|x64
		{D48E9A98-E558-4D4B-AC6E-06AF5B3470C8}.Release|x86.ActiveCfg = Release|x86
		{D48E9A98-E558-4D4B-AC6E-06AF5B3470C8}.Release|x86.Build.0 = Release|x86
		{389422F8-C847-483D-B9F1-500B57261FDA}.Debug|Any CPU.ActiveCfg = Debug|Any CPU
		{389422F8-C847-483D-B9F1-500B57261FDA}.Debug|Any CPU.Build.0 = Debug|Any CPU
		{389422F8-C847-483D-B9F1-500B57261FDA}.Debug|x64.ActiveCfg = Debug|x64
		{389422F8-C847-483D-B9F1-500B57261FDA}.Debug|x64.Build.0 = Debug|x64
		{389422F8-C847-483D-B9F1-500B57261FDA}.Debug|x86.ActiveCfg = Debug|x86
		{389422F8-C847-483D-B9F1-500B57261FDA}.Debug|x86.Build.0 = Debug|x86
		{389422F8-C847-483D-B9F1-500B57261FDA}.Release|Any CPU.ActiveCfg = Release|Any CPU
		{389422F8-C847-483D-B9F1-500B57261FDA}.Release|Any CPU.Build.0 = Release|Any CPU
		{389422F8-C847-483D-B9F1-500B57261FDA}.Release|x64.ActiveCfg = Release|x64
		{389422F8-C847-483D-B9F1-500B57261FDA}.Release|x64.Build.0 = Release|x64
		{389422F8-C847-483D-B9F1-500B57261FDA}.Release|x86.ActiveCfg = Release|x86
		{389422F8-C847-483D-B9F1-500B57261FDA}.Release|x86.Build.0 = Release|x86
		{50EC74CA-E001-459B-B406-8086623A0A4F}.Debug|Any CPU.ActiveCfg = Debug|Any CPU
		{50EC74CA-E001-459B-B406-8086623A0A4F}.Debug|Any CPU.Build.0 = Debug|Any CPU
		{50EC74CA-E001-459B-B406-8086623A0A4F}.Debug|x64.ActiveCfg = Debug|x64
		{50EC74CA-E001-459B-B406-8086623A0A4F}.Debug|x64.Build.0 = Debug|x64
		{50EC74CA-E001-459B-B406-8086623A0A4F}.Debug|x86.ActiveCfg = Debug|x86
		{50EC74CA-E001-459B-B406-8086623A0A4F}.Debug|x86.Build.0 = Debug|x86
		{50EC74CA-E001-459B-B406-8086623A0A4F}.Release|Any CPU.ActiveCfg = Release|Any CPU
		{50EC74CA-E001-459B-B406-8086623A0A4F}.Release|Any CPU.Build.0 = Release|Any CPU
		{50EC74CA-E001-459B-B406-8086623A0A4F}.Release|x64.ActiveCfg = Release|x64
		{50EC74CA-E001-459B-B406-8086623A0A4F}.Release|x64.Build.0 = Release|x64
		{50EC74CA-E001-459B-B406-8086623A0A4F}.Release|x86.ActiveCfg = Release|x86
		{50EC74CA-E001-459B-B406-8086623A0A4F}.Release|x86.Build.0 = Release|x86
		{BB52C15E-218D-4810-B96F-6A57DF04218F}.Debug|Any CPU.ActiveCfg = Debug|Any CPU
		{BB52C15E-218D-4810-B96F-6A57DF04218F}.Debug|Any CPU.Build.0 = Debug|Any CPU
		{BB52C15E-218D-4810-B96F-6A57DF04218F}.Debug|x64.ActiveCfg = Debug|x64
		{BB52C15E-218D-4810-B96F-6A57DF04218F}.Debug|x64.Build.0 = Debug|x64
		{BB52C15E-218D-4810-B96F-6A57DF04218F}.Debug|x86.ActiveCfg = Debug|Any CPU
		{BB52C15E-218D-4810-B96F-6A57DF04218F}.Debug|x86.Build.0 = Debug|Any CPU
		{BB52C15E-218D-4810-B96F-6A57DF04218F}.Release|Any CPU.ActiveCfg = Release|Any CPU
		{BB52C15E-218D-4810-B96F-6A57DF04218F}.Release|Any CPU.Build.0 = Release|Any CPU
		{BB52C15E-218D-4810-B96F-6A57DF04218F}.Release|x64.ActiveCfg = Release|x64
		{BB52C15E-218D-4810-B96F-6A57DF04218F}.Release|x64.Build.0 = Release|x64
		{BB52C15E-218D-4810-B96F-6A57DF04218F}.Release|x86.ActiveCfg = Release|Any CPU
		{BB52C15E-218D-4810-B96F-6A57DF04218F}.Release|x86.Build.0 = Release|Any CPU
		{C46EDF68-5712-49E4-9CF3-5BA8295E0BF4}.Debug|Any CPU.ActiveCfg = Debug|Any CPU
		{C46EDF68-5712-49E4-9CF3-5BA8295E0BF4}.Debug|Any CPU.Build.0 = Debug|Any CPU
		{C46EDF68-5712-49E4-9CF3-5BA8295E0BF4}.Debug|x64.ActiveCfg = Debug|x64
		{C46EDF68-5712-49E4-9CF3-5BA8295E0BF4}.Debug|x64.Build.0 = Debug|x64
		{C46EDF68-5712-49E4-9CF3-5BA8295E0BF4}.Debug|x86.ActiveCfg = Debug|Any CPU
		{C46EDF68-5712-49E4-9CF3-5BA8295E0BF4}.Debug|x86.Build.0 = Debug|Any CPU
		{C46EDF68-5712-49E4-9CF3-5BA8295E0BF4}.Release|Any CPU.ActiveCfg = Release|Any CPU
		{C46EDF68-5712-49E4-9CF3-5BA8295E0BF4}.Release|Any CPU.Build.0 = Release|Any CPU
		{C46EDF68-5712-49E4-9CF3-5BA8295E0BF4}.Release|x64.ActiveCfg = Release|x64
		{C46EDF68-5712-49E4-9CF3-5BA8295E0BF4}.Release|x64.Build.0 = Release|x64
		{C46EDF68-5712-49E4-9CF3-5BA8295E0BF4}.Release|x86.ActiveCfg = Release|Any CPU
		{C46EDF68-5712-49E4-9CF3-5BA8295E0BF4}.Release|x86.Build.0 = Release|Any CPU
		{866D8819-7B73-4792-AF64-22A951FE3923}.Debug|Any CPU.ActiveCfg = Debug|Any CPU
		{866D8819-7B73-4792-AF64-22A951FE3923}.Debug|Any CPU.Build.0 = Debug|Any CPU
		{866D8819-7B73-4792-AF64-22A951FE3923}.Debug|x64.ActiveCfg = Debug|x64
		{866D8819-7B73-4792-AF64-22A951FE3923}.Debug|x64.Build.0 = Debug|x64
		{866D8819-7B73-4792-AF64-22A951FE3923}.Debug|x86.ActiveCfg = Debug|x86
		{866D8819-7B73-4792-AF64-22A951FE3923}.Debug|x86.Build.0 = Debug|x86
		{866D8819-7B73-4792-AF64-22A951FE3923}.Release|Any CPU.ActiveCfg = Release|Any CPU
		{866D8819-7B73-4792-AF64-22A951FE3923}.Release|Any CPU.Build.0 = Release|Any CPU
		{866D8819-7B73-4792-AF64-22A951FE3923}.Release|x64.ActiveCfg = Release|x64
		{866D8819-7B73-4792-AF64-22A951FE3923}.Release|x64.Build.0 = Release|x64
		{866D8819-7B73-4792-AF64-22A951FE3923}.Release|x86.ActiveCfg = Release|x86
		{866D8819-7B73-4792-AF64-22A951FE3923}.Release|x86.Build.0 = Release|x86
	EndGlobalSection
	GlobalSection(SolutionProperties) = preSolution
		HideSolutionNode = FALSE
	EndGlobalSection
	GlobalSection(ExtensibilityGlobals) = postSolution
		SolutionGuid = {D7290593-8455-4083-9D04-A39B41B0A16B}
	EndGlobalSection
EndGlobal
